// !$*UTF8*$!
{
	archiveVersion = 1;
	classes = {
	};
	objectVersion = 46;
	objects = {

/* Begin PBXBuildFile section */
		8517104519CEC5EC00C4466E /* GrownUpHold.m in Sources */ = {isa = PBXBuildFile; fileRef = 8517104419CEC5EC00C4466E /* GrownUpHold.m */; };
		8517104819CF673200C4466E /* GrownUpHoldView.m in Sources */ = {isa = PBXBuildFile; fileRef = 8517104719CF673200C4466E /* GrownUpHoldView.m */; };
		853F033119BA59070042BE39 /* SimpleAddAccessView.m in Sources */ = {isa = PBXBuildFile; fileRef = 853F033019BA59070042BE39 /* SimpleAddAccessView.m */; };
		8547D0F919B867F4005BCA31 /* main.m in Sources */ = {isa = PBXBuildFile; fileRef = 8547D0F819B867F4005BCA31 /* main.m */; };
		8547D0FC19B867F4005BCA31 /* AppDelegate.m in Sources */ = {isa = PBXBuildFile; fileRef = 8547D0FB19B867F4005BCA31 /* AppDelegate.m */; };
		8547D0FF19B867F4005BCA31 /* ViewController.m in Sources */ = {isa = PBXBuildFile; fileRef = 8547D0FE19B867F4005BCA31 /* ViewController.m */; };
		8547D10219B867F4005BCA31 /* Main.storyboard in Resources */ = {isa = PBXBuildFile; fileRef = 8547D10019B867F4005BCA31 /* Main.storyboard */; };
		8547D10419B867F4005BCA31 /* Images.xcassets in Resources */ = {isa = PBXBuildFile; fileRef = 8547D10319B867F4005BCA31 /* Images.xcassets */; };
		8547D11019B867F5005BCA31 /* iOSParentalControlTests.m in Sources */ = {isa = PBXBuildFile; fileRef = 8547D10F19B867F5005BCA31 /* iOSParentalControlTests.m */; };
		857B9F7B19B9221500BD3D6A /* SimpleAddAccessView.xib in Resources */ = {isa = PBXBuildFile; fileRef = 857B9F7A19B9221500BD3D6A /* SimpleAddAccessView.xib */; };
		85BB9A4819BB396100FE6786 /* UIButton+IPCAdditions.m in Sources */ = {isa = PBXBuildFile; fileRef = 85BB9A4719BB396100FE6786 /* UIButton+IPCAdditions.m */; };
/* End PBXBuildFile section */

/* Begin PBXContainerItemProxy section */
		8547D10A19B867F5005BCA31 /* PBXContainerItemProxy */ = {
			isa = PBXContainerItemProxy;
			containerPortal = 8547D0EB19B867F4005BCA31 /* Project object */;
			proxyType = 1;
			remoteGlobalIDString = 8547D0F219B867F4005BCA31;
			remoteInfo = iOSParentalControl;
		};
/* End PBXContainerItemProxy section */

/* Begin PBXFileReference section */
		8517104319CEC5EC00C4466E /* GrownUpHold.h */ = {isa = PBXFileReference; fileEncoding = 4; lastKnownFileType = sourcecode.c.h; path = GrownUpHold.h; sourceTree = "<group>"; };
		8517104419CEC5EC00C4466E /* GrownUpHold.m */ = {isa = PBXFileReference; fileEncoding = 4; lastKnownFileType = sourcecode.c.objc; path = GrownUpHold.m; sourceTree = "<group>"; };
		8517104619CF673200C4466E /* GrownUpHoldView.h */ = {isa = PBXFileReference; fileEncoding = 4; lastKnownFileType = sourcecode.c.h; path = GrownUpHoldView.h; sourceTree = "<group>"; };
		8517104719CF673200C4466E /* GrownUpHoldView.m */ = {isa = PBXFileReference; fileEncoding = 4; lastKnownFileType = sourcecode.c.objc; path = GrownUpHoldView.m; sourceTree = "<group>"; };
		853F032F19BA59070042BE39 /* SimpleAddAccessView.h */ = {isa = PBXFileReference; fileEncoding = 4; lastKnownFileType = sourcecode.c.h; path = SimpleAddAccessView.h; sourceTree = "<group>"; };
		853F033019BA59070042BE39 /* SimpleAddAccessView.m */ = {isa = PBXFileReference; fileEncoding = 4; lastKnownFileType = sourcecode.c.objc; path = SimpleAddAccessView.m; sourceTree = "<group>"; };
		8547D0F319B867F4005BCA31 /* iOSParentalControl.app */ = {isa = PBXFileReference; explicitFileType = wrapper.application; includeInIndex = 0; path = iOSParentalControl.app; sourceTree = BUILT_PRODUCTS_DIR; };
		8547D0F719B867F4005BCA31 /* Info.plist */ = {isa = PBXFileReference; lastKnownFileType = text.plist.xml; path = Info.plist; sourceTree = "<group>"; };
		8547D0F819B867F4005BCA31 /* main.m */ = {isa = PBXFileReference; lastKnownFileType = sourcecode.c.objc; path = main.m; sourceTree = "<group>"; };
		8547D0FA19B867F4005BCA31 /* AppDelegate.h */ = {isa = PBXFileReference; lastKnownFileType = sourcecode.c.h; path = AppDelegate.h; sourceTree = "<group>"; };
		8547D0FB19B867F4005BCA31 /* AppDelegate.m */ = {isa = PBXFileReference; lastKnownFileType = sourcecode.c.objc; path = AppDelegate.m; sourceTree = "<group>"; };
		8547D0FD19B867F4005BCA31 /* ViewController.h */ = {isa = PBXFileReference; lastKnownFileType = sourcecode.c.h; path = ViewController.h; sourceTree = "<group>"; };
		8547D0FE19B867F4005BCA31 /* ViewController.m */ = {isa = PBXFileReference; lastKnownFileType = sourcecode.c.objc; path = ViewController.m; sourceTree = "<group>"; };
		8547D10119B867F4005BCA31 /* Base */ = {isa = PBXFileReference; lastKnownFileType = file.storyboard; name = Base; path = Base.lproj/Main.storyboard; sourceTree = "<group>"; };
		8547D10319B867F4005BCA31 /* Images.xcassets */ = {isa = PBXFileReference; lastKnownFileType = folder.assetcatalog; path = Images.xcassets; sourceTree = "<group>"; };
		8547D10919B867F5005BCA31 /* iOSParentalControlTests.xctest */ = {isa = PBXFileReference; explicitFileType = wrapper.cfbundle; includeInIndex = 0; path = iOSParentalControlTests.xctest; sourceTree = BUILT_PRODUCTS_DIR; };
		8547D10E19B867F5005BCA31 /* Info.plist */ = {isa = PBXFileReference; lastKnownFileType = text.plist.xml; path = Info.plist; sourceTree = "<group>"; };
		8547D10F19B867F5005BCA31 /* iOSParentalControlTests.m */ = {isa = PBXFileReference; lastKnownFileType = sourcecode.c.objc; path = iOSParentalControlTests.m; sourceTree = "<group>"; };
		857B9F7A19B9221500BD3D6A /* SimpleAddAccessView.xib */ = {isa = PBXFileReference; fileEncoding = 4; lastKnownFileType = file.xib; path = SimpleAddAccessView.xib; sourceTree = "<group>"; };
		85BB9A4619BB396100FE6786 /* UIButton+IPCAdditions.h */ = {isa = PBXFileReference; fileEncoding = 4; lastKnownFileType = sourcecode.c.h; path = "UIButton+IPCAdditions.h"; sourceTree = "<group>"; };
		85BB9A4719BB396100FE6786 /* UIButton+IPCAdditions.m */ = {isa = PBXFileReference; fileEncoding = 4; lastKnownFileType = sourcecode.c.objc; path = "UIButton+IPCAdditions.m"; sourceTree = "<group>"; };
/* End PBXFileReference section */

/* Begin PBXFrameworksBuildPhase section */
		8547D0F019B867F4005BCA31 /* Frameworks */ = {
			isa = PBXFrameworksBuildPhase;
			buildActionMask = 2147483647;
			files = (
			);
			runOnlyForDeploymentPostprocessing = 0;
		};
		8547D10619B867F5005BCA31 /* Frameworks */ = {
			isa = PBXFrameworksBuildPhase;
			buildActionMask = 2147483647;
			files = (
			);
			runOnlyForDeploymentPostprocessing = 0;
		};
/* End PBXFrameworksBuildPhase section */

/* Begin PBXGroup section */
		8547D0EA19B867F4005BCA31 = {
			isa = PBXGroup;
			children = (
				8547D0F519B867F4005BCA31 /* iOSParentalControl */,
				8547D10C19B867F5005BCA31 /* iOSParentalControlTests */,
				8547D0F419B867F4005BCA31 /* Products */,
			);
			sourceTree = "<group>";
		};
		8547D0F419B867F4005BCA31 /* Products */ = {
			isa = PBXGroup;
			children = (
				8547D0F319B867F4005BCA31 /* iOSParentalControl.app */,
				8547D10919B867F5005BCA31 /* iOSParentalControlTests.xctest */,
			);
			name = Products;
			sourceTree = "<group>";
		};
		8547D0F519B867F4005BCA31 /* iOSParentalControl */ = {
			isa = PBXGroup;
			children = (
				8547D0FA19B867F4005BCA31 /* AppDelegate.h */,
				8547D0FB19B867F4005BCA31 /* AppDelegate.m */,
				8547D0FD19B867F4005BCA31 /* ViewController.h */,
				8547D0FE19B867F4005BCA31 /* ViewController.m */,
				8517104319CEC5EC00C4466E /* GrownUpHold.h */,
				8517104419CEC5EC00C4466E /* GrownUpHold.m */,
				8517104619CF673200C4466E /* GrownUpHoldView.h */,
				8517104719CF673200C4466E /* GrownUpHoldView.m */,
				857B9F7A19B9221500BD3D6A /* SimpleAddAccessView.xib */,
				853F032F19BA59070042BE39 /* SimpleAddAccessView.h */,
				853F033019BA59070042BE39 /* SimpleAddAccessView.m */,
				85BB9A4619BB396100FE6786 /* UIButton+IPCAdditions.h */,
				85BB9A4719BB396100FE6786 /* UIButton+IPCAdditions.m */,
				8547D10019B867F4005BCA31 /* Main.storyboard */,
				8547D10319B867F4005BCA31 /* Images.xcassets */,
				8547D0F619B867F4005BCA31 /* Supporting Files */,
			);
			path = iOSParentalControl;
			sourceTree = "<group>";
		};
		8547D0F619B867F4005BCA31 /* Supporting Files */ = {
			isa = PBXGroup;
			children = (
				8547D0F719B867F4005BCA31 /* Info.plist */,
				8547D0F819B867F4005BCA31 /* main.m */,
			);
			name = "Supporting Files";
			sourceTree = "<group>";
		};
		8547D10C19B867F5005BCA31 /* iOSParentalControlTests */ = {
			isa = PBXGroup;
			children = (
				8547D10F19B867F5005BCA31 /* iOSParentalControlTests.m */,
				8547D10D19B867F5005BCA31 /* Supporting Files */,
			);
			path = iOSParentalControlTests;
			sourceTree = "<group>";
		};
		8547D10D19B867F5005BCA31 /* Supporting Files */ = {
			isa = PBXGroup;
			children = (
				8547D10E19B867F5005BCA31 /* Info.plist */,
			);
			name = "Supporting Files";
			sourceTree = "<group>";
		};
/* End PBXGroup section */

/* Begin PBXNativeTarget section */
		8547D0F219B867F4005BCA31 /* iOSParentalControl */ = {
			isa = PBXNativeTarget;
			buildConfigurationList = 8547D11319B867F5005BCA31 /* Build configuration list for PBXNativeTarget "iOSParentalControl" */;
			buildPhases = (
				8547D0EF19B867F4005BCA31 /* Sources */,
				8547D0F019B867F4005BCA31 /* Frameworks */,
				8547D0F119B867F4005BCA31 /* Resources */,
			);
			buildRules = (
			);
			dependencies = (
			);
			name = iOSParentalControl;
			productName = iOSParentalControl;
			productReference = 8547D0F319B867F4005BCA31 /* iOSParentalControl.app */;
			productType = "com.apple.product-type.application";
		};
		8547D10819B867F5005BCA31 /* iOSParentalControlTests */ = {
			isa = PBXNativeTarget;
			buildConfigurationList = 8547D11619B867F5005BCA31 /* Build configuration list for PBXNativeTarget "iOSParentalControlTests" */;
			buildPhases = (
				8547D10519B867F5005BCA31 /* Sources */,
				8547D10619B867F5005BCA31 /* Frameworks */,
				8547D10719B867F5005BCA31 /* Resources */,
			);
			buildRules = (
			);
			dependencies = (
				8547D10B19B867F5005BCA31 /* PBXTargetDependency */,
			);
			name = iOSParentalControlTests;
			productName = iOSParentalControlTests;
			productReference = 8547D10919B867F5005BCA31 /* iOSParentalControlTests.xctest */;
			productType = "com.apple.product-type.bundle.unit-test";
		};
/* End PBXNativeTarget section */

/* Begin PBXProject section */
		8547D0EB19B867F4005BCA31 /* Project object */ = {
			isa = PBXProject;
			attributes = {
				LastUpgradeCheck = 0600;
				ORGANIZATIONNAME = "Spotty Bear";
				TargetAttributes = {
					8547D0F219B867F4005BCA31 = {
						CreatedOnToolsVersion = 6.0;
					};
					8547D10819B867F5005BCA31 = {
						CreatedOnToolsVersion = 6.0;
						TestTargetID = 8547D0F219B867F4005BCA31;
					};
				};
			};
			buildConfigurationList = 8547D0EE19B867F4005BCA31 /* Build configuration list for PBXProject "iOSParentalControl" */;
			compatibilityVersion = "Xcode 3.2";
			developmentRegion = English;
			hasScannedForEncodings = 0;
			knownRegions = (
				en,
				Base,
			);
			mainGroup = 8547D0EA19B867F4005BCA31;
			productRefGroup = 8547D0F419B867F4005BCA31 /* Products */;
			projectDirPath = "";
			projectRoot = "";
			targets = (
				8547D0F219B867F4005BCA31 /* iOSParentalControl */,
				8547D10819B867F5005BCA31 /* iOSParentalControlTests */,
			);
		};
/* End PBXProject section */

/* Begin PBXResourcesBuildPhase section */
		8547D0F119B867F4005BCA31 /* Resources */ = {
			isa = PBXResourcesBuildPhase;
			buildActionMask = 2147483647;
			files = (
				8547D10219B867F4005BCA31 /* Main.storyboard in Resources */,
				857B9F7B19B9221500BD3D6A /* SimpleAddAccessView.xib in Resources */,
				8547D10419B867F4005BCA31 /* Images.xcassets in Resources */,
			);
			runOnlyForDeploymentPostprocessing = 0;
		};
		8547D10719B867F5005BCA31 /* Resources */ = {
			isa = PBXResourcesBuildPhase;
			buildActionMask = 2147483647;
			files = (
			);
			runOnlyForDeploymentPostprocessing = 0;
		};
/* End PBXResourcesBuildPhase section */

/* Begin PBXSourcesBuildPhase section */
		8547D0EF19B867F4005BCA31 /* Sources */ = {
			isa = PBXSourcesBuildPhase;
			buildActionMask = 2147483647;
			files = (
				8517104819CF673200C4466E /* GrownUpHoldView.m in Sources */,
				853F033119BA59070042BE39 /* SimpleAddAccessView.m in Sources */,
				8547D0FF19B867F4005BCA31 /* ViewController.m in Sources */,
				85BB9A4819BB396100FE6786 /* UIButton+IPCAdditions.m in Sources */,
				8517104519CEC5EC00C4466E /* GrownUpHold.m in Sources */,
				8547D0FC19B867F4005BCA31 /* AppDelegate.m in Sources */,
				8547D0F919B867F4005BCA31 /* main.m in Sources */,
			);
			runOnlyForDeploymentPostprocessing = 0;
		};
		8547D10519B867F5005BCA31 /* Sources */ = {
			isa = PBXSourcesBuildPhase;
			buildActionMask = 2147483647;
			files = (
				8547D11019B867F5005BCA31 /* iOSParentalControlTests.m in Sources */,
			);
			runOnlyForDeploymentPostprocessing = 0;
		};
/* End PBXSourcesBuildPhase section */

/* Begin PBXTargetDependency section */
		8547D10B19B867F5005BCA31 /* PBXTargetDependency */ = {
			isa = PBXTargetDependency;
			target = 8547D0F219B867F4005BCA31 /* iOSParentalControl */;
			targetProxy = 8547D10A19B867F5005BCA31 /* PBXContainerItemProxy */;
		};
/* End PBXTargetDependency section */

/* Begin PBXVariantGroup section */
		8547D10019B867F4005BCA31 /* Main.storyboard */ = {
			isa = PBXVariantGroup;
			children = (
				8547D10119B867F4005BCA31 /* Base */,
			);
			name = Main.storyboard;
			sourceTree = "<group>";
		};
/* End PBXVariantGroup section */

/* Begin XCBuildConfiguration section */
		8547D11119B867F5005BCA31 /* Debug */ = {
			isa = XCBuildConfiguration;
			buildSettings = {
				ALWAYS_SEARCH_USER_PATHS = NO;
				CLANG_CXX_LANGUAGE_STANDARD = "gnu++0x";
				CLANG_CXX_LIBRARY = "libc++";
				CLANG_ENABLE_MODULES = YES;
				CLANG_ENABLE_OBJC_ARC = YES;
				CLANG_WARN_BOOL_CONVERSION = YES;
				CLANG_WARN_CONSTANT_CONVERSION = YES;
				CLANG_WARN_DIRECT_OBJC_ISA_USAGE = YES_ERROR;
				CLANG_WARN_EMPTY_BODY = YES;
				CLANG_WARN_ENUM_CONVERSION = YES;
				CLANG_WARN_INT_CONVERSION = YES;
				CLANG_WARN_OBJC_ROOT_CLASS = YES_ERROR;
				CLANG_WARN_UNREACHABLE_CODE = YES;
				CLANG_WARN__DUPLICATE_METHOD_MATCH = YES;
				"CODE_SIGN_IDENTITY[sdk=iphoneos*]" = "iPhone Developer";
				COPY_PHASE_STRIP = NO;
				ENABLE_STRICT_OBJC_MSGSEND = YES;
				GCC_C_LANGUAGE_STANDARD = gnu99;
				GCC_DYNAMIC_NO_PIC = NO;
				GCC_OPTIMIZATION_LEVEL = 0;
				GCC_PREPROCESSOR_DEFINITIONS = (
					"DEBUG=1",
					"$(inherited)",
				);
				GCC_SYMBOLS_PRIVATE_EXTERN = NO;
				GCC_WARN_64_TO_32_BIT_CONVERSION = YES;
				GCC_WARN_ABOUT_RETURN_TYPE = YES_ERROR;
				GCC_WARN_UNDECLARED_SELECTOR = YES;
				GCC_WARN_UNINITIALIZED_AUTOS = YES_AGGRESSIVE;
				GCC_WARN_UNUSED_FUNCTION = YES;
				GCC_WARN_UNUSED_VARIABLE = YES;
				IPHONEOS_DEPLOYMENT_TARGET = 8.0;
				MTL_ENABLE_DEBUG_INFO = YES;
				ONLY_ACTIVE_ARCH = YES;
				SDKROOT = iphoneos;
				TARGETED_DEVICE_FAMILY = "1,2";
			};
			name = Debug;
		};
		8547D11219B867F5005BCA31 /* Release */ = {
			isa = XCBuildConfiguration;
			buildSettings = {
				ALWAYS_SEARCH_USER_PATHS = NO;
				CLANG_CXX_LANGUAGE_STANDARD = "gnu++0x";
				CLANG_CXX_LIBRARY = "libc++";
				CLANG_ENABLE_MODULES = YES;
				CLANG_ENABLE_OBJC_ARC = YES;
				CLANG_WARN_BOOL_CONVERSION = YES;
				CLANG_WARN_CONSTANT_CONVERSION = YES;
				CLANG_WARN_DIRECT_OBJC_ISA_USAGE = YES_ERROR;
				CLANG_WARN_EMPTY_BODY = YES;
				CLANG_WARN_ENUM_CONVERSION = YES;
				CLANG_WARN_INT_CONVERSION = YES;
				CLANG_WARN_OBJC_ROOT_CLASS = YES_ERROR;
				CLANG_WARN_UNREACHABLE_CODE = YES;
				CLANG_WARN__DUPLICATE_METHOD_MATCH = YES;
				"CODE_SIGN_IDENTITY[sdk=iphoneos*]" = "iPhone Developer";
				COPY_PHASE_STRIP = YES;
				ENABLE_NS_ASSERTIONS = NO;
				ENABLE_STRICT_OBJC_MSGSEND = YES;
				GCC_C_LANGUAGE_STANDARD = gnu99;
				GCC_WARN_64_TO_32_BIT_CONVERSION = YES;
				GCC_WARN_ABOUT_RETURN_TYPE = YES_ERROR;
				GCC_WARN_UNDECLARED_SELECTOR = YES;
				GCC_WARN_UNINITIALIZED_AUTOS = YES_AGGRESSIVE;
				GCC_WARN_UNUSED_FUNCTION = YES;
				GCC_WARN_UNUSED_VARIABLE = YES;
				IPHONEOS_DEPLOYMENT_TARGET = 8.0;
				MTL_ENABLE_DEBUG_INFO = NO;
				SDKROOT = iphoneos;
				TARGETED_DEVICE_FAMILY = "1,2";
				VALIDATE_PRODUCT = YES;
			};
			name = Release;
		};
		8547D11419B867F5005BCA31 /* Debug */ = {
			isa = XCBuildConfiguration;
			buildSettings = {
				ASSETCATALOG_COMPILER_APPICON_NAME = AppIcon;
				ASSETCATALOG_COMPILER_LAUNCHIMAGE_NAME = LaunchImage;
				INFOPLIST_FILE = iOSParentalControl/Info.plist;
				IPHONEOS_DEPLOYMENT_TARGET = 6.0;
				LD_RUNPATH_SEARCH_PATHS = "$(inherited) @executable_path/Frameworks";
				PRODUCT_NAME = "$(TARGET_NAME)";
			};
			name = Debug;
		};
		8547D11519B867F5005BCA31 /* Release */ = {
			isa = XCBuildConfiguration;
			buildSettings = {
				ASSETCATALOG_COMPILER_APPICON_NAME = AppIcon;
				ASSETCATALOG_COMPILER_LAUNCHIMAGE_NAME = LaunchImage;
				INFOPLIST_FILE = iOSParentalControl/Info.plist;
				IPHONEOS_DEPLOYMENT_TARGET = 6.0;
				LD_RUNPATH_SEARCH_PATHS = "$(inherited) @executable_path/Frameworks";
				PRODUCT_NAME = "$(TARGET_NAME)";
			};
			name = Release;
		};
		8547D11719B867F5005BCA31 /* Debug */ = {
			isa = XCBuildConfiguration;
			buildSettings = {
				BUNDLE_LOADER = "$(TEST_HOST)";
				FRAMEWORK_SEARCH_PATHS = (
					"$(SDKROOT)/Developer/Library/Frameworks",
					"$(inherited)",
				);
				GCC_PREPROCESSOR_DEFINITIONS = (
					"DEBUG=1",
					"$(inherited)",
				);
				INFOPLIST_FILE = iOSParentalControlTests/Info.plist;
				LD_RUNPATH_SEARCH_PATHS = "$(inherited) @executable_path/Frameworks @loader_path/Frameworks";
				PRODUCT_NAME = "$(TARGET_NAME)";
				TEST_HOST = "$(BUILT_PRODUCTS_DIR)/iOSParentalControl.app/iOSParentalControl";
			};
			name = Debug;
		};
		8547D11819B867F5005BCA31 /* Release */ = {
			isa = XCBuildConfiguration;
			buildSettings = {
				BUNDLE_LOADER = "$(TEST_HOST)";
				FRAMEWORK_SEARCH_PATHS = (
					"$(SDKROOT)/Developer/Library/Frameworks",
					"$(inherited)",
				);
				INFOPLIST_FILE = iOSParentalControlTests/Info.plist;
				LD_RUNPATH_SEARCH_PATHS = "$(inherited) @executable_path/Frameworks @loader_path/Frameworks";
				PRODUCT_NAME = "$(TARGET_NAME)";
				TEST_HOST = "$(BUILT_PRODUCTS_DIR)/iOSParentalControl.app/iOSParentalControl";
			};
			name = Release;
		};
/* End XCBuildConfiguration section */

/* Begin XCConfigurationList section */
		8547D0EE19B867F4005BCA31 /* Build configuration list for PBXProject "iOSParentalControl" */ = {
			isa = XCConfigurationList;
			buildConfigurations = (
				8547D11119B867F5005BCA31 /* Debug */,
				8547D11219B867F5005BCA31 /* Release */,
			);
			defaultConfigurationIsVisible = 0;
			defaultConfigurationName = Release;
		};
		8547D11319B867F5005BCA31 /* Build configuration list for PBXNativeTarget "iOSParentalControl" */ = {
			isa = XCConfigurationList;
			buildConfigurations = (
				8547D11419B867F5005BCA31 /* Debug */,
				8547D11519B867F5005BCA31 /* Release */,
			);
			defaultConfigurationIsVisible = 0;
			defaultConfigurationName = Release;
		};
		8547D11619B867F5005BCA31 /* Build configuration list for PBXNativeTarget "iOSParentalControlTests" */ = {
			isa = XCConfigurationList;
			buildConfigurations = (
				8547D11719B867F5005BCA31 /* Debug */,
				8547D11819B867F5005BCA31 /* Release */,
			);
			defaultConfigurationIsVisible = 0;
			defaultConfigurationName = Release;
		};
/* End XCConfigurationList section */
	};
	rootObject = 8547D0EB19B867F4005BCA31 /* Project object */;
}
